
Microsoft Visual Studio Solution File, Format Version 12.00
# Visual Studio Version 16
VisualStudioVersion = 16.0.30413.136
MinimumVisualStudioVersion = 10.0.40219.1
Project("{FAE04EC0-301F-11D3-BF4B-00C04F79EFBC}") = "BusSchedule.Android", "BusSchedule.Android\BusSchedule.Android.csproj", "{E1E97511-BC81-454E-BE09-58CB84B463F8}"
EndProject
Project("{9A19103F-16F7-4668-BE54-9A1E7A4F7556}") = "BusSchedule", "BusSchedule\BusSchedule.csproj", "{68446F50-BC1D-487E-9B11-7D9C61192192}"
EndProject
Project("{9A19103F-16F7-4668-BE54-9A1E7A4F7556}") = "BusSchedule.Core", "BusSchedule.Core\BusSchedule.Core.csproj", "{47C7D8E3-57D2-4971-BE61-EECB1BEF9975}"
EndProject
Project("{FAE04EC0-301F-11D3-BF4B-00C04F79EFBC}") = "BusSchedule.UnitTests", "BusSchedule.UnitTests\BusSchedule.UnitTests.csproj", "{70DB3E14-166C-4500-8936-7CEA8601C3FF}"
EndProject
Project("{FAE04EC0-301F-11D3-BF4B-00C04F79EFBC}") = "BusSchedule.Creator", "BusSchedule.Creator\BusSchedule.Creator.csproj", "{7913E5A5-AD91-4B88-A8D3-C24453058DF6}"
EndProject
Global
	GlobalSection(SolutionConfigurationPlatforms) = preSolution
		Debug|Any CPU = Debug|Any CPU
		Release|Any CPU = Release|Any CPU
	EndGlobalSection
	GlobalSection(ProjectConfigurationPlatforms) = postSolution
		{E1E97511-BC81-454E-BE09-58CB84B463F8}.Debug|Any CPU.ActiveCfg = Debug|Any CPU
		{E1E97511-BC81-454E-BE09-58CB84B463F8}.Debug|Any CPU.Build.0 = Debug|Any CPU
		{E1E97511-BC81-454E-BE09-58CB84B463F8}.Debug|Any CPU.Deploy.0 = Debug|Any CPU
		{E1E97511-BC81-454E-BE09-58CB84B463F8}.Release|Any CPU.ActiveCfg = Release|Any CPU
		{E1E97511-BC81-454E-BE09-58CB84B463F8}.Release|Any CPU.Build.0 = Release|Any CPU
		{E1E97511-BC81-454E-BE09-58CB84B463F8}.Release|Any CPU.Deploy.0 = Release|Any CPU
		{68446F50-BC1D-487E-9B11-7D9C61192192}.Debug|Any CPU.ActiveCfg = Debug|Any CPU
		{68446F50-BC1D-487E-9B11-7D9C61192192}.Debug|Any CPU.Build.0 = Debug|Any CPU
		{68446F50-BC1D-487E-9B11-7D9C61192192}.Debug|Any CPU.Deploy.0 = Debug|Any CPU
		{68446F50-BC1D-487E-9B11-7D9C61192192}.Release|Any CPU.ActiveCfg = Release|Any CPU
		{68446F50-BC1D-487E-9B11-7D9C61192192}.Release|Any CPU.Build.0 = Release|Any CPU
		{68446F50-BC1D-487E-9B11-7D9C61192192}.Release|Any CPU.Deploy.0 = Release|Any CPU
		{47C7D8E3-57D2-4971-BE61-EECB1BEF9975}.Debug|Any CPU.ActiveCfg = Debug|Any CPU
		{47C7D8E3-57D2-4971-BE61-EECB1BEF9975}.Debug|Any CPU.Build.0 = Debug|Any CPU
		{47C7D8E3-57D2-4971-BE61-EECB1BEF9975}.Release|Any CPU.ActiveCfg = Release|Any CPU
		{47C7D8E3-57D2-4971-BE61-EECB1BEF9975}.Release|Any CPU.Build.0 = Release|Any CPU
		{70DB3E14-166C-4500-8936-7CEA8601C3FF}.Debug|Any CPU.ActiveCfg = Debug|Any CPU
		{70DB3E14-166C-4500-8936-7CEA8601C3FF}.Debug|Any CPU.Build.0 = Debug|Any CPU
		{70DB3E14-166C-4500-8936-7CEA8601C3FF}.Release|Any CPU.ActiveCfg = Release|Any CPU
		{70DB3E14-166C-4500-8936-7CEA8601C3FF}.Release|Any CPU.Build.0 = Release|Any CPU
		{7913E5A5-AD91-4B88-A8D3-C24453058DF6}.Debug|Any CPU.ActiveCfg = Debug|Any CPU
		{7913E5A5-AD91-4B88-A8D3-C24453058DF6}.Debug|Any CPU.Build.0 = Debug|Any CPU
		{7913E5A5-AD91-4B88-A8D3-C24453058DF6}.Release|Any CPU.ActiveCfg = Release|Any CPU
		{7913E5A5-AD91-4B88-A8D3-C24453058DF6}.Release|Any CPU.Build.0 = Release|Any CPU
	EndGlobalSection
	GlobalSection(SolutionProperties) = preSolution
		HideSolutionNode = FALSE
	EndGlobalSection
	GlobalSection(ExtensibilityGlobals) = postSolution
		SolutionGuid = {B76A825F-9B5B-467B-ACBB-B14DCDA29B5F}
	EndGlobalSection
EndGlobal
