<Solution>
  <Project Path="BusSchedule.Benchmark/BusSchedule.Benchmark.csproj" Id="950e64cf-7a58-4f28-a507-494529e578f2">
    <Deploy Solution="Debug|*" />
  </Project>
  <Project Path="BusSchedule.Core.UI/BusSchedule.Core.UI.csproj" />
  <Project Path="BusSchedule.Core/BusSchedule.Core.csproj" />
  <Project Path="BusSchedule.NUnitTests/BusSchedule.NUnitTests.csproj" />
  <Project Path="BusScheduleMaui/BusScheduleMaui.csproj">
    <Deploy />
  </Project>
</Solution>
